
Microsoft Visual Studio Solution File, Format Version 12.00
# Visual Studio Version 16
VisualStudioVersion = 16.0.30114.105
MinimumVisualStudioVersion = 10.0.40219.1
Project("{9A19103F-16F7-4668-BE54-9A1E7A4F7556}") = "Linked_List", "Linked_List\Linked_List.csproj", "{CC6B5CB8-8AB1-49A5-89B7-9314317CFC79}"
EndProject
Project("{FAE04EC0-301F-11D3-BF4B-00C04F79EFBC}") = "DoublyLinked_List", "DoublyLinked_List\DoublyLinked_List.csproj", "{7E30938C-0047-4E85-8FBC-055C65C049EE}"
EndProject
Global
	GlobalSection(SolutionConfigurationPlatforms) = preSolution
		Debug|Any CPU = Debug|Any CPU
		Release|Any CPU = Release|Any CPU
	EndGlobalSection
	GlobalSection(ProjectConfigurationPlatforms) = postSolution
		{CC6B5CB8-8AB1-49A5-89B7-9314317CFC79}.Debug|Any CPU.ActiveCfg = Debug|Any CPU
		{CC6B5CB8-8AB1-49A5-89B7-9314317CFC79}.Debug|Any CPU.Build.0 = Debug|Any CPU
		{CC6B5CB8-8AB1-49A5-89B7-9314317CFC79}.Release|Any CPU.ActiveCfg = Release|Any CPU
		{CC6B5CB8-8AB1-49A5-89B7-9314317CFC79}.Release|Any CPU.Build.0 = Release|Any CPU
		{7E30938C-0047-4E85-8FBC-055C65C049EE}.Debug|Any CPU.ActiveCfg = Debug|Any CPU
		{7E30938C-0047-4E85-8FBC-055C65C049EE}.Debug|Any CPU.Build.0 = Debug|Any CPU
		{7E30938C-0047-4E85-8FBC-055C65C049EE}.Release|Any CPU.ActiveCfg = Release|Any CPU
		{7E30938C-0047-4E85-8FBC-055C65C049EE}.Release|Any CPU.Build.0 = Release|Any CPU
	EndGlobalSection
	GlobalSection(SolutionProperties) = preSolution
		HideSolutionNode = FALSE
	EndGlobalSection
	GlobalSection(ExtensibilityGlobals) = postSolution
		SolutionGuid = {44A4EBD9-3920-4729-B370-50DC50E86F3E}
	EndGlobalSection
EndGlobal
